
Microsoft Visual Studio Solution File, Format Version 12.00
# Visual Studio Version 16
VisualStudioVersion = 16.0.31729.503
MinimumVisualStudioVersion = 10.0.40219.1
Project("{9A19103F-16F7-4668-BE54-9A1E7A4F7556}") = "Web API", "Web API\Web API.csproj", "{D39B514A-BABE-4801-B741-BC2B8150DAE1}"
EndProject
Global
	GlobalSection(SolutionConfigurationPlatforms) = preSolution
		Debug|Any CPU = Debug|Any CPU
		Release|Any CPU = Release|Any CPU
	EndGlobalSection
	GlobalSection(ProjectConfigurationPlatforms) = postSolution
		{D39B514A-BABE-4801-B741-BC2B8150DAE1}.Debug|Any CPU.ActiveCfg = Debug|Any CPU
		{D39B514A-BABE-4801-B741-BC2B8150DAE1}.Debug|Any CPU.Build.0 = Debug|Any CPU
		{D39B514A-BABE-4801-B741-BC2B8150DAE1}.Release|Any CPU.ActiveCfg = Release|Any CPU
		{D39B514A-BABE-4801-B741-BC2B8150DAE1}.Release|Any CPU.Build.0 = Release|Any CPU
	EndGlobalSection
	GlobalSection(SolutionProperties) = preSolution
		HideSolutionNode = FALSE
	EndGlobalSection
	GlobalSection(ExtensibilityGlobals) = postSolution
		SolutionGuid = {5D2950DC-9184-4391-9688-CA819DED75AC}
	EndGlobalSection
EndGlobal
